
Microsoft Visual Studio Solution File, Format Version 12.00
# Visual Studio 15
VisualStudioVersion = 15.0.27130.2020
MinimumVisualStudioVersion = 10.0.40219.1
Project("{FAE04EC0-301F-11D3-BF4B-00C04F79EFBC}") = "AdoNetDz04_01", "AdoNetDz04_01\AdoNetDz04_01.csproj", "{4F6EE6E8-F18A-4A7E-85EA-616908568E07}"
EndProject
Global
	GlobalSection(SolutionConfigurationPlatforms) = preSolution
		Debug|Any CPU = Debug|Any CPU
		Release|Any CPU = Release|Any CPU
	EndGlobalSection
	GlobalSection(ProjectConfigurationPlatforms) = postSolution
		{4F6EE6E8-F18A-4A7E-85EA-616908568E07}.Debug|Any CPU.ActiveCfg = Debug|Any CPU
		{4F6EE6E8-F18A-4A7E-85EA-616908568E07}.Debug|Any CPU.Build.0 = Debug|Any CPU
		{4F6EE6E8-F18A-4A7E-85EA-616908568E07}.Release|Any CPU.ActiveCfg = Release|Any CPU
		{4F6EE6E8-F18A-4A7E-85EA-616908568E07}.Release|Any CPU.Build.0 = Release|Any CPU
	EndGlobalSection
	GlobalSection(SolutionProperties) = preSolution
		HideSolutionNode = FALSE
	EndGlobalSection
	GlobalSection(ExtensibilityGlobals) = postSolution
		SolutionGuid = {E5F0F5A6-2C69-460C-9356-1114032F6354}
	EndGlobalSection
EndGlobal
